Microsoft Visual Studio Solution File, Format Version 12.00
# Visual Studio Version 17
VisualStudioVersion = 17.5.2.0
MinimumVisualStudioVersion = 10.0.40219.1
Project("{FAE04EC0-301F-11D3-BF4B-00C04F79EFBC}") = "VacationManagementApi", "VacationManagementApi.csproj", "{5DB87C32-1AEC-2306-5E53-05C537C265EB}"
EndProject
Global
	GlobalSection(SolutionConfigurationPlatforms) = preSolution
		Debug|Any CPU = Debug|Any CPU
		Release|Any CPU = Release|Any CPU
	EndGlobalSection
	GlobalSection(ProjectConfigurationPlatforms) = postSolution
		{5DB87C32-1AEC-2306-5E53-05C537C265EB}.Debug|Any CPU.ActiveCfg = Debug|Any CPU
		{5DB87C32-1AEC-2306-5E53-05C537C265EB}.Debug|Any CPU.Build.0 = Debug|Any CPU
		{5DB87C32-1AEC-2306-5E53-05C537C265EB}.Release|Any CPU.ActiveCfg = Release|Any CPU
		{5DB87C32-1AEC-2306-5E53-05C537C265EB}.Release|Any CPU.Build.0 = Release|Any CPU
	EndGlobalSection
	GlobalSection(SolutionProperties) = preSolution
		HideSolutionNode = FALSE
	EndGlobalSection
	GlobalSection(ExtensibilityGlobals) = postSolution
		SolutionGuid = {BF8E4FA3-B151-4A63-90C7-C869641FBCBA}
	EndGlobalSection
EndGlobal
